
Microsoft Visual Studio Solution File, Format Version 12.00
# Visual Studio Version 16
VisualStudioVersion = 16.0.30621.155
MinimumVisualStudioVersion = 10.0.40219.1
Project("{FAE04EC0-301F-11D3-BF4B-00C04F79EFBC}") = "practic_lab1", "practic_lab1\practic_lab1.csproj", "{EBF672E8-7A6A-4A44-80B7-D67ACC1C56F3}"
EndProject
Global
	GlobalSection(SolutionConfigurationPlatforms) = preSolution
		Debug|Any CPU = Debug|Any CPU
		Release|Any CPU = Release|Any CPU
	EndGlobalSection
	GlobalSection(ProjectConfigurationPlatforms) = postSolution
		{EBF672E8-7A6A-4A44-80B7-D67ACC1C56F3}.Debug|Any CPU.ActiveCfg = Debug|Any CPU
		{EBF672E8-7A6A-4A44-80B7-D67ACC1C56F3}.Debug|Any CPU.Build.0 = Debug|Any CPU
		{EBF672E8-7A6A-4A44-80B7-D67ACC1C56F3}.Release|Any CPU.ActiveCfg = Release|Any CPU
		{EBF672E8-7A6A-4A44-80B7-D67ACC1C56F3}.Release|Any CPU.Build.0 = Release|Any CPU
	EndGlobalSection
	GlobalSection(SolutionProperties) = preSolution
		HideSolutionNode = FALSE
	EndGlobalSection
	GlobalSection(ExtensibilityGlobals) = postSolution
		SolutionGuid = {523BBFDF-A663-49E2-A83E-C36CF8AC0558}
	EndGlobalSection
EndGlobal
